<?xml version="1.0" encoding="utf-8"?>
<Project ToolsVersion="4.0" xmlns="http://schemas.microsoft.com/developer/msbuild/2003">
  <ItemGroup>
    <ClCompile Include="..\..\src\qt\bantablemodel.cpp" />
    <ClCompile Include="..\..\src\qt\bitcoin.cpp" />
    <ClCompile Include="..\..\src\qt\bitcoinaddressvalidator.cpp" />
    <ClCompile Include="..\..\src\qt\bitcoinamountfield.cpp" />
    <ClCompile Include="..\..\src\qt\bitcoingui.cpp" />
    <ClCompile Include="..\..\src\qt\bitcoinstrings.cpp" />
    <ClCompile Include="..\..\src\qt\bitcoinunits.cpp" />
    <ClCompile Include="..\..\src\qt\clientmodel.cpp" />
    <ClCompile Include="..\..\src\qt\coincontroltreewidget.cpp" />
    <ClCompile Include="..\..\src\qt\csvmodelwriter.cpp" />
    <ClCompile Include="..\..\src\qt\guiutil.cpp" />
    <ClCompile Include="..\..\src\qt\networkstyle.cpp" />
    <ClCompile Include="..\..\src\qt\notificator.cpp" />
    <ClCompile Include="..\..\src\qt\optionsmodel.cpp" />
    <ClCompile Include="..\..\src\qt\paymentrequestplus.cpp" />
    <ClCompile Include="..\..\src\qt\paymentserver.cpp" />
    <ClCompile Include="..\..\src\qt\peertablemodel.cpp" />
    <ClCompile Include="..\..\src\qt\platformstyle.cpp" />
    <ClCompile Include="..\..\src\qt\qvalidatedlineedit.cpp" />
    <ClCompile Include="..\..\src\qt\qvaluecombobox.cpp" />
    <ClCompile Include="..\..\src\qt\recentrequeststablemodel.cpp" />
    <ClCompile Include="..\..\src\qt\rpcconsole.cpp" />
    <ClCompile Include="..\..\src\qt\splashscreen.cpp" />
    <ClCompile Include="..\..\src\qt\trafficgraphwidget.cpp" />
    <ClCompile Include="..\..\src\qt\transactiondesc.cpp" />
    <ClCompile Include="..\..\src\qt\transactionfilterproxy.cpp" />
    <ClCompile Include="..\..\src\qt\transactionrecord.cpp" />
    <ClCompile Include="..\..\src\qt\transactiontablemodel.cpp" />
    <ClCompile Include="..\..\src\qt\transactionview.cpp" />
    <ClCompile Include="..\..\src\qt\utilitydialog.cpp" />
    <ClCompile Include="..\..\src\qt\walletcontroller.cpp" />
    <ClCompile Include="..\..\src\qt\walletframe.cpp" />
    <ClCompile Include="..\..\src\qt\walletmodel.cpp" />
    <ClCompile Include="..\..\src\qt\walletmodeltransaction.cpp" />
    <ClCompile Include="..\..\src\qt\walletview.cpp" />
    <ClCompile Include="..\..\src\qt\winshutdownmonitor.cpp" />
    <ClCompile Include="..\..\src\qt\addressbookpage.cpp" />
    <ClCompile Include="..\..\src\qt\intro.cpp" />
    <ClCompile Include="..\..\src\qt\modaloverlay.cpp" />
    <ClCompile Include="..\..\src\qt\optionsdialog.cpp" />
    <ClCompile Include="GeneratedFiles\qt\moc_addressbookpage.cpp">
      <Filter>moc</Filter>
    </ClCompile>
    <ClCompile Include="GeneratedFiles\qt\moc_addresstablemodel.cpp">
      <Filter>moc</Filter>
    </ClCompile>
    <ClCompile Include="GeneratedFiles\qt\moc_askpassphrasedialog.cpp">
      <Filter>moc</Filter>
    </ClCompile>
    <ClCompile Include="GeneratedFiles\qt\moc_bantablemodel.cpp">
      <Filter>moc</Filter>
    </ClCompile>
    <ClCompile Include="GeneratedFiles\qt\moc_bitcoin.cpp">
      <Filter>moc</Filter>
    </ClCompile>
    <ClCompile Include="GeneratedFiles\qt\moc_bitcoinaddressvalidator.cpp">
      <Filter>moc</Filter>
    </ClCompile>
    <ClCompile Include="GeneratedFiles\qt\moc_bitcoinamountfield.cpp">
      <Filter>moc</Filter>
    </ClCompile>
    <ClCompile Include="GeneratedFiles\qt\moc_bitcoingui.cpp">
      <Filter>moc</Filter>
    </ClCompile>
    <ClCompile Include="GeneratedFiles\qt\moc_bitcoinunits.cpp">
      <Filter>moc</Filter>
    </ClCompile>
    <ClCompile Include="GeneratedFiles\qt\moc_clientmodel.cpp">
      <Filter>moc</Filter>
    </ClCompile>
    <ClCompile Include="GeneratedFiles\qt\moc_coincontroldialog.cpp">
      <Filter>moc</Filter>
    </ClCompile>
    <ClCompile Include="GeneratedFiles\qt\moc_coincontroltreewidget.cpp">
      <Filter>moc</Filter>
    </ClCompile>
    <ClCompile Include="GeneratedFiles\qt\moc_csvmodelwriter.cpp">
      <Filter>moc</Filter>
    </ClCompile>
    <ClCompile Include="GeneratedFiles\qt\moc_editaddressdialog.cpp">
      <Filter>moc</Filter>
    </ClCompile>
    <ClCompile Include="GeneratedFiles\qt\moc_guiconstants.cpp">
      <Filter>moc</Filter>
    </ClCompile>
    <ClCompile Include="GeneratedFiles\qt\moc_guiutil.cpp">
      <Filter>moc</Filter>
    </ClCompile>
    <ClCompile Include="GeneratedFiles\qt\moc_intro.cpp">
      <Filter>moc</Filter>
    </ClCompile>
    <ClCompile Include="GeneratedFiles\qt\moc_modaloverlay.cpp">
      <Filter>moc</Filter>
    </ClCompile>
    <ClCompile Include="GeneratedFiles\qt\moc_notificator.cpp">
      <Filter>moc</Filter>
    </ClCompile>
    <ClCompile Include="GeneratedFiles\qt\moc_openuridialog.cpp">
      <Filter>moc</Filter>
    </ClCompile>
    <ClCompile Include="GeneratedFiles\qt\moc_optionsdialog.cpp">
      <Filter>moc</Filter>
    </ClCompile>
    <ClCompile Include="GeneratedFiles\qt\moc_optionsmodel.cpp">
      <Filter>moc</Filter>
    </ClCompile>
    <ClCompile Include="GeneratedFiles\qt\moc_overviewpage.cpp">
      <Filter>moc</Filter>
    </ClCompile>
    <ClCompile Include="GeneratedFiles\qt\moc_paymentrequestplus.cpp">
      <Filter>moc</Filter>
    </ClCompile>
    <ClCompile Include="GeneratedFiles\qt\moc_paymentserver.cpp">
      <Filter>moc</Filter>
    </ClCompile>
    <ClCompile Include="GeneratedFiles\qt\moc_peertablemodel.cpp">
      <Filter>moc</Filter>
    </ClCompile>
    <ClCompile Include="GeneratedFiles\qt\moc_qvalidatedlineedit.cpp">
      <Filter>moc</Filter>
    </ClCompile>
    <ClCompile Include="GeneratedFiles\qt\moc_qvaluecombobox.cpp">
      <Filter>moc</Filter>
    </ClCompile>
    <ClCompile Include="GeneratedFiles\qt\moc_receivecoinsdialog.cpp">
      <Filter>moc</Filter>
    </ClCompile>
    <ClCompile Include="GeneratedFiles\qt\moc_receiverequestdialog.cpp">
      <Filter>moc</Filter>
    </ClCompile>
    <ClCompile Include="GeneratedFiles\qt\moc_recentrequeststablemodel.cpp">
      <Filter>moc</Filter>
    </ClCompile>
    <ClCompile Include="GeneratedFiles\qt\moc_rpcconsole.cpp">
      <Filter>moc</Filter>
    </ClCompile>
    <ClCompile Include="GeneratedFiles\qt\moc_sendcoinsdialog.cpp">
      <Filter>moc</Filter>
    </ClCompile>
    <ClCompile Include="GeneratedFiles\qt\moc_sendcoinsentry.cpp">
      <Filter>moc</Filter>
    </ClCompile>
    <ClCompile Include="GeneratedFiles\qt\moc_signverifymessagedialog.cpp">
      <Filter>moc</Filter>
    </ClCompile>
    <ClCompile Include="GeneratedFiles\qt\moc_splashscreen.cpp">
      <Filter>moc</Filter>
    </ClCompile>
    <ClCompile Include="GeneratedFiles\qt\moc_trafficgraphwidget.cpp">
      <Filter>moc</Filter>
    </ClCompile>
    <ClCompile Include="GeneratedFiles\qt\moc_transactiondesc.cpp">
      <Filter>moc</Filter>
    </ClCompile>
    <ClCompile Include="GeneratedFiles\qt\moc_transactiondescdialog.cpp">
      <Filter>moc</Filter>
    </ClCompile>
    <ClCompile Include="GeneratedFiles\qt\moc_transactionfilterproxy.cpp">
      <Filter>moc</Filter>
    </ClCompile>
    <ClCompile Include="GeneratedFiles\qt\moc_transactiontablemodel.cpp">
      <Filter>moc</Filter>
    </ClCompile>
    <ClCompile Include="GeneratedFiles\qt\moc_transactionview.cpp">
      <Filter>moc</Filter>
    </ClCompile>
    <ClCompile Include="GeneratedFiles\qt\moc_utilitydialog.cpp">
      <Filter>moc</Filter>
    </ClCompile>
    <ClCompile Include="GeneratedFiles\qt\moc_walletcontroller.cpp">
      <Filter>moc</Filter>
    </ClCompile>
    <ClCompile Include="GeneratedFiles\qt\moc_walletframe.cpp">
      <Filter>moc</Filter>
    </ClCompile>
    <ClCompile Include="GeneratedFiles\qt\moc_walletmodel.cpp">
      <Filter>moc</Filter>
    </ClCompile>
    <ClCompile Include="GeneratedFiles\qt\moc_walletview.cpp">
      <Filter>moc</Filter>
    </ClCompile>
    <ClCompile Include="GeneratedFiles\qt\moc_winshutdownmonitor.cpp">
      <Filter>moc</Filter>
    </ClCompile>
    <ClCompile Include="..\..\src\qt\openuridialog.cpp" />
    <ClCompile Include="..\..\src\qt\addresstablemodel.cpp" />
    <ClCompile Include="..\..\src\qt\askpassphrasedialog.cpp" />
    <ClCompile Include="..\..\src\qt\coincontroldialog.cpp" />
    <ClCompile Include="..\..\src\qt\editaddressdialog.cpp" />
    <ClCompile Include="..\..\src\qt\overviewpage.cpp" />
    <ClCompile Include="..\..\src\qt\receivecoinsdialog.cpp" />
    <ClCompile Include="..\..\src\qt\receiverequestdialog.cpp" />
    <ClCompile Include="..\..\src\qt\sendcoinsdialog.cpp" />
    <ClCompile Include="..\..\src\qt\sendcoinsentry.cpp" />
    <ClCompile Include="..\..\src\qt\signverifymessagedialog.cpp" />
    <ClCompile Include="..\..\src\qt\transactiondescdialog.cpp" />
    <ClCompile Include="GeneratedFiles\qt\paymentrequest.pb.cc" />
    <ClCompile Include="GeneratedFiles\qt\rcc\qrc_bitcoin.cpp">
      <Filter>rcc</Filter>
    </ClCompile>
    <ClCompile Include="GeneratedFiles\qt\rcc\qrc_bitcoin_locale.cpp">
      <Filter>rcc</Filter>
    </ClCompile>
  </ItemGroup>
  <ItemGroup>
    <Filter Include="forms">
      <UniqueIdentifier>{9ebea85d-1b90-4ec8-a899-90eb4ee3449f}</UniqueIdentifier>
    </Filter>
    <Filter Include="moc">
      <UniqueIdentifier>{138c20b5-5874-4634-a9e5-9e3b3757f17a}</UniqueIdentifier>
    </Filter>
    <Filter Include="rcc">
      <UniqueIdentifier>{553f04a5-b4c8-4566-8efa-8179b76d05f4}</UniqueIdentifier>
    </Filter>
  </ItemGroup>
  <ItemGroup>
    <None Include="GeneratedFiles\qt\bitcoin.moc" />
    <None Include="GeneratedFiles\qt\bitcoinamountfield.moc" />
    <None Include="GeneratedFiles\qt\overviewpage.moc" />
    <None Include="GeneratedFiles\qt\rpcconsole.moc" />
  </ItemGroup>
  <ItemGroup>
    <ClInclude Include="GeneratedFiles\qt\forms\ui_transactiondescdialog.h">
      <Filter>forms</Filter>
    </ClInclude>
    <ClInclude Include="GeneratedFiles\qt\forms\ui_addressbookpage.h">
      <Filter>forms</Filter>
    </ClInclude>
    <ClInclude Include="GeneratedFiles\qt\forms\ui_askpassphrasedialog.h">
      <Filter>forms</Filter>
    </ClInclude>
    <ClInclude Include="GeneratedFiles\qt\forms\ui_coincontroldialog.h">
      <Filter>forms</Filter>
    </ClInclude>
    <ClInclude Include="GeneratedFiles\qt\forms\ui_debugwindow.h">
      <Filter>forms</Filter>
    </ClInclude>
    <ClInclude Include="GeneratedFiles\qt\forms\ui_editaddressdialog.h">
      <Filter>forms</Filter>
    </ClInclude>
    <ClInclude Include="GeneratedFiles\qt\forms\ui_helpmessagedialog.h">
      <Filter>forms</Filter>
    </ClInclude>
    <ClInclude Include="GeneratedFiles\qt\forms\ui_intro.h">
      <Filter>forms</Filter>
    </ClInclude>
    <ClInclude Include="GeneratedFiles\qt\forms\ui_modaloverlay.h">
      <Filter>forms</Filter>
    </ClInclude>
    <ClInclude Include="GeneratedFiles\qt\forms\ui_openuridialog.h">
      <Filter>forms</Filter>
    </ClInclude>
    <ClInclude Include="GeneratedFiles\qt\forms\ui_optionsdialog.h">
      <Filter>forms</Filter>
    </ClInclude>
    <ClInclude Include="GeneratedFiles\qt\forms\ui_overviewpage.h">
      <Filter>forms</Filter>
    </ClInclude>
    <ClInclude Include="GeneratedFiles\qt\forms\ui_receivecoinsdialog.h">
      <Filter>forms</Filter>
    </ClInclude>
    <ClInclude Include="GeneratedFiles\qt\forms\ui_receiverequestdialog.h">
      <Filter>forms</Filter>
    </ClInclude>
    <ClInclude Include="GeneratedFiles\qt\forms\ui_sendcoinsdialog.h">
      <Filter>forms</Filter>
    </ClInclude>
    <ClInclude Include="GeneratedFiles\qt\forms\ui_sendcoinsentry.h">
      <Filter>forms</Filter>
    </ClInclude>
    <ClInclude Include="GeneratedFiles\qt\forms\ui_signverifymessagedialog.h">
      <Filter>forms</Filter>
    </ClInclude>
  </ItemGroup>
</Project>